
Microsoft Visual Studio Solution File, Format Version 12.00
# Visual Studio 15
VisualStudioVersion = 15.0.27428.2027
MinimumVisualStudioVersion = 10.0.40219.1
Project("{FAE04EC0-301F-11D3-BF4B-00C04F79EFBC}") = "VSTS1", "VSTS1\VSTS1.csproj", "{61642F7C-2F35-4125-97A2-79B030312901}"
EndProject
Global
	GlobalSection(SolutionConfigurationPlatforms) = preSolution
		Debug|Any CPU = Debug|Any CPU
		Release|Any CPU = Release|Any CPU
	EndGlobalSection
	GlobalSection(ProjectConfigurationPlatforms) = postSolution
		{61642F7C-2F35-4125-97A2-79B030312901}.Debug|Any CPU.ActiveCfg = Debug|Any CPU
		{61642F7C-2F35-4125-97A2-79B030312901}.Debug|Any CPU.Build.0 = Debug|Any CPU
		{61642F7C-2F35-4125-97A2-79B030312901}.Release|Any CPU.ActiveCfg = Release|Any CPU
		{61642F7C-2F35-4125-97A2-79B030312901}.Release|Any CPU.Build.0 = Release|Any CPU
	EndGlobalSection
	GlobalSection(SolutionProperties) = preSolution
		HideSolutionNode = FALSE
	EndGlobalSection
	GlobalSection(ExtensibilityGlobals) = postSolution
		SolutionGuid = {23ACE966-FF71-47E2-BBF9-F239801F47DF}
	EndGlobalSection
EndGlobal
